
Microsoft Visual Studio Solution File, Format Version 12.00
# Visual Studio Version 17
VisualStudioVersion = 17.7.34024.191
MinimumVisualStudioVersion = 10.0.40219.1
Project("{FAE04EC0-301F-11D3-BF4B-00C04F79EFBC}") = "eTicket", "eTicket\eTicket.csproj", "{38920A8C-76A2-4801-BE4E-EECBB0995062}"
EndProject
Global
	GlobalSection(SolutionConfigurationPlatforms) = preSolution
		Debug|Any CPU = Debug|Any CPU
		Release|Any CPU = Release|Any CPU
	EndGlobalSection
	GlobalSection(ProjectConfigurationPlatforms) = postSolution
		{38920A8C-76A2-4801-BE4E-EECBB0995062}.Debug|Any CPU.ActiveCfg = Debug|Any CPU
		{38920A8C-76A2-4801-BE4E-EECBB0995062}.Debug|Any CPU.Build.0 = Debug|Any CPU
		{38920A8C-76A2-4801-BE4E-EECBB0995062}.Release|Any CPU.ActiveCfg = Release|Any CPU
		{38920A8C-76A2-4801-BE4E-EECBB0995062}.Release|Any CPU.Build.0 = Release|Any CPU
	EndGlobalSection
	GlobalSection(SolutionProperties) = preSolution
		HideSolutionNode = FALSE
	EndGlobalSection
	GlobalSection(ExtensibilityGlobals) = postSolution
		SolutionGuid = {ED060F84-4A37-4232-92E7-D101B0E031CD}
	EndGlobalSection
EndGlobal
